
Microsoft Visual Studio Solution File, Format Version 12.00
# Visual Studio Version 16
VisualStudioVersion = 16.0.30225.117
MinimumVisualStudioVersion = 10.0.40219.1
Project("{FAE04EC0-301F-11D3-BF4B-00C04F79EFBC}") = "Mathematical Formulas", "Mathematical Formulas.csproj", "{4041794A-9E39-4B53-AB04-3F2F7990C830}"
EndProject
Global
	GlobalSection(SolutionConfigurationPlatforms) = preSolution
		Debug|Any CPU = Debug|Any CPU
		Release|Any CPU = Release|Any CPU
	EndGlobalSection
	GlobalSection(ProjectConfigurationPlatforms) = postSolution
		{4041794A-9E39-4B53-AB04-3F2F7990C830}.Debug|Any CPU.ActiveCfg = Debug|Any CPU
		{4041794A-9E39-4B53-AB04-3F2F7990C830}.Debug|Any CPU.Build.0 = Debug|Any CPU
		{4041794A-9E39-4B53-AB04-3F2F7990C830}.Release|Any CPU.ActiveCfg = Release|Any CPU
		{4041794A-9E39-4B53-AB04-3F2F7990C830}.Release|Any CPU.Build.0 = Release|Any CPU
	EndGlobalSection
	GlobalSection(SolutionProperties) = preSolution
		HideSolutionNode = FALSE
	EndGlobalSection
	GlobalSection(ExtensibilityGlobals) = postSolution
		SolutionGuid = {200F94FC-3249-4734-BFD0-E5502DC6FFAB}
	EndGlobalSection
EndGlobal
